
Microsoft Visual Studio Solution File, Format Version 12.00
# Visual Studio Version 17
VisualStudioVersion = 17.0.32014.148
MinimumVisualStudioVersion = 10.0.40219.1
Project("{9A19103F-16F7-4668-BE54-9A1E7A4F7556}") = "DiffPlex.ConsoleRunner", "DiffPlex.ConsoleRunner\DiffPlex.ConsoleRunner.csproj", "{265B25AF-D95C-44B3-8FB4-49228806E2AA}"
EndProject
Project("{9A19103F-16F7-4668-BE54-9A1E7A4F7556}") = "DiffPlex", "DiffPlex\DiffPlex.csproj", "{54247212-BA10-4593-8E4D-D3B5AC06D2F2}"
EndProject
Project("{9A19103F-16F7-4668-BE54-9A1E7A4F7556}") = "Facts.DiffPlex", "Facts.DiffPlex\Facts.DiffPlex.csproj", "{A1C3A293-EF92-4F4D-930C-597FE8E1CDDC}"
EndProject
Project("{9A19103F-16F7-4668-BE54-9A1E7A4F7556}") = "Perf.DiffPlex", "Perf.DiffPlex\Perf.DiffPlex.csproj", "{6D22FAAC-BC3C-4011-B4C3-EFD63EE88545}"
EndProject
Project("{9A19103F-16F7-4668-BE54-9A1E7A4F7556}") = "WebDiffer", "WebDiffer\WebDiffer.csproj", "{E8BDBF13-2A11-438B-9135-5F566F811208}"
EndProject
Project("{2150E333-8FDC-42A3-9474-1A3956D46DE8}") = "Solution Items", "Solution Items", "{911759D1-96FB-4525-B8EE-CD5B59C42EB3}"
	ProjectSection(SolutionItems) = preProject
		.gitattributes = .gitattributes
		.gitignore = .gitignore
		azure-pipelines.yml = azure-pipelines.yml
		.github\workflows\dotnet.yml = .github\workflows\dotnet.yml
		global.json = global.json
		License.txt = License.txt
		NuGet.props = NuGet.props
		README.md = README.md
		images\website.png = images\website.png
	EndProjectSection
EndProject
Project("{9A19103F-16F7-4668-BE54-9A1E7A4F7556}") = "DiffPlex.Wpf", "DiffPlex.Wpf\DiffPlex.Wpf.csproj", "{CB18D73D-7E84-4B28-B44D-93CB34794A6A}"
EndProject
Project("{9A19103F-16F7-4668-BE54-9A1E7A4F7556}") = "DiffPlex.Wpf.Demo", "DiffPlex.Wpf.Demo\DiffPlex.Wpf.Demo.csproj", "{3A51E76D-DBA9-44FD-9CEA-4D7A9E10EA47}"
EndProject
Project("{2150E333-8FDC-42A3-9474-1A3956D46DE8}") = "Windows Desktop", "Windows Desktop", "{04D46A99-76B5-4F79-B4A6-BAB65B78FA8E}"
EndProject
Project("{2150E333-8FDC-42A3-9474-1A3956D46DE8}") = "Tests", "Tests", "{FD7B1A65-2D61-48DC-BCA9-AEDF23A1B5A5}"
EndProject
Project("{9A19103F-16F7-4668-BE54-9A1E7A4F7556}") = "DiffPlex.WindowsForms.Demo", "DiffPlex.WindowsForms.Demo\DiffPlex.WindowsForms.Demo.csproj", "{750579F6-5776-4C36-A5A2-17FA04EBFB76}"
EndProject
Project("{9A19103F-16F7-4668-BE54-9A1E7A4F7556}") = "DiffPlex.Windows", "DiffPlex.Windows\DiffPlex.Windows.csproj", "{3D109F41-000F-403C-B1A7-3B2F79FB4801}"
EndProject
Project("{9A19103F-16F7-4668-BE54-9A1E7A4F7556}") = "DiffPlex.App", "DiffPlex.App\DiffPlex.App.csproj", "{6DF90789-F62E-468B-95C6-F029560CEFF9}"
EndProject
Project("{9A19103F-16F7-4668-BE54-9A1E7A4F7556}") = "DiffPlex.Blazor", "DiffPlex.Blazor\DiffPlex.Blazor.csproj", "{B1234567-89AB-CDEF-0123-456789ABCDEF}"
EndProject
Global
	GlobalSection(SolutionConfigurationPlatforms) = preSolution
		Debug|Any CPU = Debug|Any CPU
		Debug|arm64 = Debug|arm64
		Debug|x64 = Debug|x64
		Debug|x86 = Debug|x86
		Release|Any CPU = Release|Any CPU
		Release|arm64 = Release|arm64
		Release|x64 = Release|x64
		Release|x86 = Release|x86
	EndGlobalSection
	GlobalSection(ProjectConfigurationPlatforms) = postSolution
		{265B25AF-D95C-44B3-8FB4-49228806E2AA}.Debug|Any CPU.ActiveCfg = Debug|Any CPU
		{265B25AF-D95C-44B3-8FB4-49228806E2AA}.Debug|Any CPU.Build.0 = Debug|Any CPU
		{265B25AF-D95C-44B3-8FB4-49228806E2AA}.Debug|arm64.ActiveCfg = Debug|Any CPU
		{265B25AF-D95C-44B3-8FB4-49228806E2AA}.Debug|x64.ActiveCfg = Debug|Any CPU
		{265B25AF-D95C-44B3-8FB4-49228806E2AA}.Debug|x86.ActiveCfg = Debug|Any CPU
		{265B25AF-D95C-44B3-8FB4-49228806E2AA}.Release|Any CPU.ActiveCfg = Release|Any CPU
		{265B25AF-D95C-44B3-8FB4-49228806E2AA}.Release|Any CPU.Build.0 = Release|Any CPU
		{265B25AF-D95C-44B3-8FB4-49228806E2AA}.Release|arm64.ActiveCfg = Release|Any CPU
		{265B25AF-D95C-44B3-8FB4-49228806E2AA}.Release|x64.ActiveCfg = Release|Any CPU
		{265B25AF-D95C-44B3-8FB4-49228806E2AA}.Release|x86.ActiveCfg = Release|Any CPU
		{54247212-BA10-4593-8E4D-D3B5AC06D2F2}.Debug|Any CPU.ActiveCfg = Debug|Any CPU
		{54247212-BA10-4593-8E4D-D3B5AC06D2F2}.Debug|Any CPU.Build.0 = Debug|Any CPU
		{54247212-BA10-4593-8E4D-D3B5AC06D2F2}.Debug|arm64.ActiveCfg = Debug|Any CPU
		{54247212-BA10-4593-8E4D-D3B5AC06D2F2}.Debug|arm64.Build.0 = Debug|Any CPU
		{54247212-BA10-4593-8E4D-D3B5AC06D2F2}.Debug|x64.ActiveCfg = Debug|Any CPU
		{54247212-BA10-4593-8E4D-D3B5AC06D2F2}.Debug|x64.Build.0 = Debug|Any CPU
		{54247212-BA10-4593-8E4D-D3B5AC06D2F2}.Debug|x86.ActiveCfg = Debug|Any CPU
		{54247212-BA10-4593-8E4D-D3B5AC06D2F2}.Debug|x86.Build.0 = Debug|Any CPU
		{54247212-BA10-4593-8E4D-D3B5AC06D2F2}.Release|Any CPU.ActiveCfg = Release|Any CPU
		{54247212-BA10-4593-8E4D-D3B5AC06D2F2}.Release|Any CPU.Build.0 = Release|Any CPU
		{54247212-BA10-4593-8E4D-D3B5AC06D2F2}.Release|arm64.ActiveCfg = Release|Any CPU
		{54247212-BA10-4593-8E4D-D3B5AC06D2F2}.Release|arm64.Build.0 = Release|Any CPU
		{54247212-BA10-4593-8E4D-D3B5AC06D2F2}.Release|x64.ActiveCfg = Release|Any CPU
		{54247212-BA10-4593-8E4D-D3B5AC06D2F2}.Release|x64.Build.0 = Release|Any CPU
		{54247212-BA10-4593-8E4D-D3B5AC06D2F2}.Release|x86.ActiveCfg = Release|Any CPU
		{54247212-BA10-4593-8E4D-D3B5AC06D2F2}.Release|x86.Build.0 = Release|Any CPU
		{A1C3A293-EF92-4F4D-930C-597FE8E1CDDC}.Debug|Any CPU.ActiveCfg = Debug|Any CPU
		{A1C3A293-EF92-4F4D-930C-597FE8E1CDDC}.Debug|Any CPU.Build.0 = Debug|Any CPU
		{A1C3A293-EF92-4F4D-930C-597FE8E1CDDC}.Debug|arm64.ActiveCfg = Debug|Any CPU
		{A1C3A293-EF92-4F4D-930C-597FE8E1CDDC}.Debug|arm64.Build.0 = Debug|Any CPU
		{A1C3A293-EF92-4F4D-930C-597FE8E1CDDC}.Debug|x64.ActiveCfg = Debug|Any CPU
		{A1C3A293-EF92-4F4D-930C-597FE8E1CDDC}.Debug|x64.Build.0 = Debug|Any CPU
		{A1C3A293-EF92-4F4D-930C-597FE8E1CDDC}.Debug|x86.ActiveCfg = Debug|Any CPU
		{A1C3A293-EF92-4F4D-930C-597FE8E1CDDC}.Debug|x86.Build.0 = Debug|Any CPU
		{A1C3A293-EF92-4F4D-930C-597FE8E1CDDC}.Release|Any CPU.ActiveCfg = Release|Any CPU
		{A1C3A293-EF92-4F4D-930C-597FE8E1CDDC}.Release|Any CPU.Build.0 = Release|Any CPU
		{A1C3A293-EF92-4F4D-930C-597FE8E1CDDC}.Release|arm64.ActiveCfg = Release|Any CPU
		{A1C3A293-EF92-4F4D-930C-597FE8E1CDDC}.Release|arm64.Build.0 = Release|Any CPU
		{A1C3A293-EF92-4F4D-930C-597FE8E1CDDC}.Release|x64.ActiveCfg = Release|Any CPU
		{A1C3A293-EF92-4F4D-930C-597FE8E1CDDC}.Release|x64.Build.0 = Release|Any CPU
		{A1C3A293-EF92-4F4D-930C-597FE8E1CDDC}.Release|x86.ActiveCfg = Release|Any CPU
		{A1C3A293-EF92-4F4D-930C-597FE8E1CDDC}.Release|x86.Build.0 = Release|Any CPU
		{6D22FAAC-BC3C-4011-B4C3-EFD63EE88545}.Debug|Any CPU.ActiveCfg = Debug|Any CPU
		{6D22FAAC-BC3C-4011-B4C3-EFD63EE88545}.Debug|Any CPU.Build.0 = Debug|Any CPU
		{6D22FAAC-BC3C-4011-B4C3-EFD63EE88545}.Debug|arm64.ActiveCfg = Debug|Any CPU
		{6D22FAAC-BC3C-4011-B4C3-EFD63EE88545}.Debug|arm64.Build.0 = Debug|Any CPU
		{6D22FAAC-BC3C-4011-B4C3-EFD63EE88545}.Debug|x64.ActiveCfg = Debug|Any CPU
		{6D22FAAC-BC3C-4011-B4C3-EFD63EE88545}.Debug|x64.Build.0 = Debug|Any CPU
		{6D22FAAC-BC3C-4011-B4C3-EFD63EE88545}.Debug|x86.ActiveCfg = Debug|Any CPU
		{6D22FAAC-BC3C-4011-B4C3-EFD63EE88545}.Debug|x86.Build.0 = Debug|Any CPU
		{6D22FAAC-BC3C-4011-B4C3-EFD63EE88545}.Release|Any CPU.ActiveCfg = Release|Any CPU
		{6D22FAAC-BC3C-4011-B4C3-EFD63EE88545}.Release|Any CPU.Build.0 = Release|Any CPU
		{6D22FAAC-BC3C-4011-B4C3-EFD63EE88545}.Release|arm64.ActiveCfg = Release|Any CPU
		{6D22FAAC-BC3C-4011-B4C3-EFD63EE88545}.Release|arm64.Build.0 = Release|Any CPU
		{6D22FAAC-BC3C-4011-B4C3-EFD63EE88545}.Release|x64.ActiveCfg = Release|Any CPU
		{6D22FAAC-BC3C-4011-B4C3-EFD63EE88545}.Release|x64.Build.0 = Release|Any CPU
		{6D22FAAC-BC3C-4011-B4C3-EFD63EE88545}.Release|x86.ActiveCfg = Release|Any CPU
		{6D22FAAC-BC3C-4011-B4C3-EFD63EE88545}.Release|x86.Build.0 = Release|Any CPU
		{E8BDBF13-2A11-438B-9135-5F566F811208}.Debug|Any CPU.ActiveCfg = Debug|Any CPU
		{E8BDBF13-2A11-438B-9135-5F566F811208}.Debug|Any CPU.Build.0 = Debug|Any CPU
		{E8BDBF13-2A11-438B-9135-5F566F811208}.Debug|arm64.ActiveCfg = Debug|Any CPU
		{E8BDBF13-2A11-438B-9135-5F566F811208}.Debug|x64.ActiveCfg = Debug|Any CPU
		{E8BDBF13-2A11-438B-9135-5F566F811208}.Debug|x86.ActiveCfg = Debug|Any CPU
		{E8BDBF13-2A11-438B-9135-5F566F811208}.Release|Any CPU.ActiveCfg = Release|Any CPU
		{E8BDBF13-2A11-438B-9135-5F566F811208}.Release|Any CPU.Build.0 = Release|Any CPU
		{E8BDBF13-2A11-438B-9135-5F566F811208}.Release|arm64.ActiveCfg = Release|Any CPU
		{E8BDBF13-2A11-438B-9135-5F566F811208}.Release|x64.ActiveCfg = Release|Any CPU
		{E8BDBF13-2A11-438B-9135-5F566F811208}.Release|x86.ActiveCfg = Release|Any CPU
		{CB18D73D-7E84-4B28-B44D-93CB34794A6A}.Debug|Any CPU.ActiveCfg = Debug|Any CPU
		{CB18D73D-7E84-4B28-B44D-93CB34794A6A}.Debug|Any CPU.Build.0 = Debug|Any CPU
		{CB18D73D-7E84-4B28-B44D-93CB34794A6A}.Debug|arm64.ActiveCfg = Debug|Any CPU
		{CB18D73D-7E84-4B28-B44D-93CB34794A6A}.Debug|x64.ActiveCfg = Debug|Any CPU
		{CB18D73D-7E84-4B28-B44D-93CB34794A6A}.Debug|x86.ActiveCfg = Debug|Any CPU
		{CB18D73D-7E84-4B28-B44D-93CB34794A6A}.Release|Any CPU.ActiveCfg = Release|Any CPU
		{CB18D73D-7E84-4B28-B44D-93CB34794A6A}.Release|Any CPU.Build.0 = Release|Any CPU
		{CB18D73D-7E84-4B28-B44D-93CB34794A6A}.Release|arm64.ActiveCfg = Release|Any CPU
		{CB18D73D-7E84-4B28-B44D-93CB34794A6A}.Release|x64.ActiveCfg = Release|Any CPU
		{CB18D73D-7E84-4B28-B44D-93CB34794A6A}.Release|x86.ActiveCfg = Release|Any CPU
		{3A51E76D-DBA9-44FD-9CEA-4D7A9E10EA47}.Debug|Any CPU.ActiveCfg = Debug|Any CPU
		{3A51E76D-DBA9-44FD-9CEA-4D7A9E10EA47}.Debug|Any CPU.Build.0 = Debug|Any CPU
		{3A51E76D-DBA9-44FD-9CEA-4D7A9E10EA47}.Debug|arm64.ActiveCfg = Debug|Any CPU
		{3A51E76D-DBA9-44FD-9CEA-4D7A9E10EA47}.Debug|x64.ActiveCfg = Debug|Any CPU
		{3A51E76D-DBA9-44FD-9CEA-4D7A9E10EA47}.Debug|x86.ActiveCfg = Debug|Any CPU
		{3A51E76D-DBA9-44FD-9CEA-4D7A9E10EA47}.Release|Any CPU.ActiveCfg = Release|Any CPU
		{3A51E76D-DBA9-44FD-9CEA-4D7A9E10EA47}.Release|Any CPU.Build.0 = Release|Any CPU
		{3A51E76D-DBA9-44FD-9CEA-4D7A9E10EA47}.Release|arm64.ActiveCfg = Release|Any CPU
		{3A51E76D-DBA9-44FD-9CEA-4D7A9E10EA47}.Release|x64.ActiveCfg = Release|Any CPU
		{3A51E76D-DBA9-44FD-9CEA-4D7A9E10EA47}.Release|x86.ActiveCfg = Release|Any CPU
		{750579F6-5776-4C36-A5A2-17FA04EBFB76}.Debug|Any CPU.ActiveCfg = Debug|Any CPU
		{750579F6-5776-4C36-A5A2-17FA04EBFB76}.Debug|Any CPU.Build.0 = Debug|Any CPU
		{750579F6-5776-4C36-A5A2-17FA04EBFB76}.Debug|arm64.ActiveCfg = Debug|Any CPU
		{750579F6-5776-4C36-A5A2-17FA04EBFB76}.Debug|x64.ActiveCfg = Debug|Any CPU
		{750579F6-5776-4C36-A5A2-17FA04EBFB76}.Debug|x86.ActiveCfg = Debug|Any CPU
		{750579F6-5776-4C36-A5A2-17FA04EBFB76}.Release|Any CPU.ActiveCfg = Release|Any CPU
		{750579F6-5776-4C36-A5A2-17FA04EBFB76}.Release|Any CPU.Build.0 = Release|Any CPU
		{750579F6-5776-4C36-A5A2-17FA04EBFB76}.Release|arm64.ActiveCfg = Release|Any CPU
		{750579F6-5776-4C36-A5A2-17FA04EBFB76}.Release|x64.ActiveCfg = Release|Any CPU
		{750579F6-5776-4C36-A5A2-17FA04EBFB76}.Release|x86.ActiveCfg = Release|Any CPU
		{3D109F41-000F-403C-B1A7-3B2F79FB4801}.Debug|Any CPU.ActiveCfg = Debug|Any CPU
		{3D109F41-000F-403C-B1A7-3B2F79FB4801}.Debug|arm64.ActiveCfg = Debug|Any CPU
		{3D109F41-000F-403C-B1A7-3B2F79FB4801}.Debug|arm64.Build.0 = Debug|Any CPU
		{3D109F41-000F-403C-B1A7-3B2F79FB4801}.Debug|x64.ActiveCfg = Debug|Any CPU
		{3D109F41-000F-403C-B1A7-3B2F79FB4801}.Debug|x64.Build.0 = Debug|Any CPU
		{3D109F41-000F-403C-B1A7-3B2F79FB4801}.Debug|x86.ActiveCfg = Debug|Any CPU
		{3D109F41-000F-403C-B1A7-3B2F79FB4801}.Debug|x86.Build.0 = Debug|Any CPU
		{3D109F41-000F-403C-B1A7-3B2F79FB4801}.Release|Any CPU.ActiveCfg = Release|Any CPU
		{3D109F41-000F-403C-B1A7-3B2F79FB4801}.Release|arm64.ActiveCfg = Release|Any CPU
		{3D109F41-000F-403C-B1A7-3B2F79FB4801}.Release|arm64.Build.0 = Release|Any CPU
		{3D109F41-000F-403C-B1A7-3B2F79FB4801}.Release|x64.ActiveCfg = Release|Any CPU
		{3D109F41-000F-403C-B1A7-3B2F79FB4801}.Release|x64.Build.0 = Release|Any CPU
		{3D109F41-000F-403C-B1A7-3B2F79FB4801}.Release|x86.ActiveCfg = Release|Any CPU
		{3D109F41-000F-403C-B1A7-3B2F79FB4801}.Release|x86.Build.0 = Release|Any CPU
		{6DF90789-F62E-468B-95C6-F029560CEFF9}.Debug|Any CPU.ActiveCfg = Debug|x64
		{6DF90789-F62E-468B-95C6-F029560CEFF9}.Debug|arm64.ActiveCfg = Debug|arm64
		{6DF90789-F62E-468B-95C6-F029560CEFF9}.Debug|arm64.Build.0 = Debug|arm64
		{6DF90789-F62E-468B-95C6-F029560CEFF9}.Debug|arm64.Deploy.0 = Debug|arm64
		{6DF90789-F62E-468B-95C6-F029560CEFF9}.Debug|x64.ActiveCfg = Debug|x64
		{6DF90789-F62E-468B-95C6-F029560CEFF9}.Debug|x64.Build.0 = Debug|x64
		{6DF90789-F62E-468B-95C6-F029560CEFF9}.Debug|x64.Deploy.0 = Debug|x64
		{6DF90789-F62E-468B-95C6-F029560CEFF9}.Debug|x86.ActiveCfg = Debug|x86
		{6DF90789-F62E-468B-95C6-F029560CEFF9}.Debug|x86.Build.0 = Debug|x86
		{6DF90789-F62E-468B-95C6-F029560CEFF9}.Debug|x86.Deploy.0 = Debug|x86
		{6DF90789-F62E-468B-95C6-F029560CEFF9}.Release|Any CPU.ActiveCfg = Release|x64
		{6DF90789-F62E-468B-95C6-F029560CEFF9}.Release|arm64.ActiveCfg = Release|arm64
		{6DF90789-F62E-468B-95C6-F029560CEFF9}.Release|arm64.Build.0 = Release|arm64
		{6DF90789-F62E-468B-95C6-F029560CEFF9}.Release|arm64.Deploy.0 = Release|arm64
		{6DF90789-F62E-468B-95C6-F029560CEFF9}.Release|x64.ActiveCfg = Release|x64
		{6DF90789-F62E-468B-95C6-F029560CEFF9}.Release|x64.Build.0 = Release|x64
		{6DF90789-F62E-468B-95C6-F029560CEFF9}.Release|x64.Deploy.0 = Release|x64
		{6DF90789-F62E-468B-95C6-F029560CEFF9}.Release|x86.ActiveCfg = Release|x86
		{6DF90789-F62E-468B-95C6-F029560CEFF9}.Release|x86.Build.0 = Release|x86
		{6DF90789-F62E-468B-95C6-F029560CEFF9}.Release|x86.Deploy.0 = Release|x86
		{B1234567-89AB-CDEF-0123-456789ABCDEF}.Debug|Any CPU.ActiveCfg = Debug|Any CPU
		{B1234567-89AB-CDEF-0123-456789ABCDEF}.Debug|Any CPU.Build.0 = Debug|Any CPU
		{B1234567-89AB-CDEF-0123-456789ABCDEF}.Debug|arm64.ActiveCfg = Debug|Any CPU
		{B1234567-89AB-CDEF-0123-456789ABCDEF}.Debug|x64.ActiveCfg = Debug|Any CPU
		{B1234567-89AB-CDEF-0123-456789ABCDEF}.Debug|x86.ActiveCfg = Debug|Any CPU
		{B1234567-89AB-CDEF-0123-456789ABCDEF}.Release|Any CPU.ActiveCfg = Release|Any CPU
		{B1234567-89AB-CDEF-0123-456789ABCDEF}.Release|Any CPU.Build.0 = Release|Any CPU
		{B1234567-89AB-CDEF-0123-456789ABCDEF}.Release|arm64.ActiveCfg = Release|Any CPU
		{B1234567-89AB-CDEF-0123-456789ABCDEF}.Release|x64.ActiveCfg = Release|Any CPU
		{B1234567-89AB-CDEF-0123-456789ABCDEF}.Release|x86.ActiveCfg = Release|Any CPU
	EndGlobalSection
	GlobalSection(SolutionProperties) = preSolution
		HideSolutionNode = FALSE
	EndGlobalSection
	GlobalSection(NestedProjects) = preSolution
		{A1C3A293-EF92-4F4D-930C-597FE8E1CDDC} = {FD7B1A65-2D61-48DC-BCA9-AEDF23A1B5A5}
		{6D22FAAC-BC3C-4011-B4C3-EFD63EE88545} = {FD7B1A65-2D61-48DC-BCA9-AEDF23A1B5A5}
		{CB18D73D-7E84-4B28-B44D-93CB34794A6A} = {04D46A99-76B5-4F79-B4A6-BAB65B78FA8E}
		{3A51E76D-DBA9-44FD-9CEA-4D7A9E10EA47} = {04D46A99-76B5-4F79-B4A6-BAB65B78FA8E}
		{750579F6-5776-4C36-A5A2-17FA04EBFB76} = {04D46A99-76B5-4F79-B4A6-BAB65B78FA8E}
		{3D109F41-000F-403C-B1A7-3B2F79FB4801} = {04D46A99-76B5-4F79-B4A6-BAB65B78FA8E}
		{6DF90789-F62E-468B-95C6-F029560CEFF9} = {04D46A99-76B5-4F79-B4A6-BAB65B78FA8E}
	EndGlobalSection
	GlobalSection(ExtensibilityGlobals) = postSolution
		SolutionGuid = {4AAA896D-D44C-4B3E-AB4B-BAFF04D13425}
	EndGlobalSection
EndGlobal
