
Microsoft Visual Studio Solution File, Format Version 12.00
# Visual Studio 2013
VisualStudioVersion = 12.0.30421.0
MinimumVisualStudioVersion = 10.0.40219.1
Project("{FAE04EC0-301F-11D3-BF4B-00C04F79EFBC}") = "DiffPlex", "DiffPlex\DiffPlex.csproj", "{42ED3F62-53C5-4880-B9B8-F8B78F575353}"
EndProject
Project("{FAE04EC0-301F-11D3-BF4B-00C04F79EFBC}") = "Facts.DiffPlex", "Facts.DiffPlex\Facts.DiffPlex.csproj", "{09794955-B3FC-4E61-A184-D74029C48B3A}"
EndProject
Project("{FAE04EC0-301F-11D3-BF4B-00C04F79EFBC}") = "WebDiffer", "WebDiffer\WebDiffer.csproj", "{7700A0A2-B149-42C0-91D4-AD19CD9CC81B}"
EndProject
Project("{FAE04EC0-301F-11D3-BF4B-00C04F79EFBC}") = "Facts.WebDiffer", "Facts.WebDiffer\Facts.WebDiffer.csproj", "{0A9EE3B4-4C3D-4C5D-AAED-0B7633A5AFE2}"
EndProject
Project("{FAE04EC0-301F-11D3-BF4B-00C04F79EFBC}") = "SilverlightDiffer", "SilverlightDiffer\SilverlightDiffer.csproj", "{25474606-3A78-4309-8651-9694FF1C8B68}"
EndProject
Project("{FAE04EC0-301F-11D3-BF4B-00C04F79EFBC}") = "DiffPlex.ConsoleRunner", "DiffPlex.ConsoleRunner\DiffPlex.ConsoleRunner.csproj", "{9AE2E267-84CE-4999-A63F-25870562DF9F}"
EndProject
Project("{FAE04EC0-301F-11D3-BF4B-00C04F79EFBC}") = "Perf.DiffPlex", "Perf.DiffPlex\Perf.DiffPlex.csproj", "{3285F2B7-EAA6-45A9-9919-561649FFD006}"
EndProject
Project("{FF286327-C783-4F7A-AB73-9BCBAD0D4460}") = "DiffPlex.NuGet", "DiffPlex.NuGet\DiffPlex.NuGet.nuproj", "{0178CC30-9FA4-4D52-80D6-99B3117BCB7A}"
EndProject
Project("{2150E333-8FDC-42A3-9474-1A3956D46DE8}") = ".nuget", ".nuget", "{7E42C9FF-060F-462A-BB33-89E3ED4284B1}"
	ProjectSection(SolutionItems) = preProject
		.nuget\packages.config = .nuget\packages.config
	EndProjectSection
EndProject
Project("{FAE04EC0-301F-11D3-BF4B-00C04F79EFBC}") = "DiffPlex.Net40Client", "DiffPlex.Net40Client\DiffPlex.Net40Client.csproj", "{552D4EFF-48A4-4B45-9F15-167CC0ACC8CF}"
EndProject
Global
	GlobalSection(SolutionConfigurationPlatforms) = preSolution
		Debug|Any CPU = Debug|Any CPU
		Release|Any CPU = Release|Any CPU
	EndGlobalSection
	GlobalSection(ProjectConfigurationPlatforms) = postSolution
		{42ED3F62-53C5-4880-B9B8-F8B78F575353}.Debug|Any CPU.ActiveCfg = Debug|Any CPU
		{42ED3F62-53C5-4880-B9B8-F8B78F575353}.Debug|Any CPU.Build.0 = Debug|Any CPU
		{42ED3F62-53C5-4880-B9B8-F8B78F575353}.Release|Any CPU.ActiveCfg = Release|Any CPU
		{42ED3F62-53C5-4880-B9B8-F8B78F575353}.Release|Any CPU.Build.0 = Release|Any CPU
		{09794955-B3FC-4E61-A184-D74029C48B3A}.Debug|Any CPU.ActiveCfg = Debug|Any CPU
		{09794955-B3FC-4E61-A184-D74029C48B3A}.Debug|Any CPU.Build.0 = Debug|Any CPU
		{09794955-B3FC-4E61-A184-D74029C48B3A}.Release|Any CPU.ActiveCfg = Release|Any CPU
		{09794955-B3FC-4E61-A184-D74029C48B3A}.Release|Any CPU.Build.0 = Release|Any CPU
		{7700A0A2-B149-42C0-91D4-AD19CD9CC81B}.Debug|Any CPU.ActiveCfg = Debug|Any CPU
		{7700A0A2-B149-42C0-91D4-AD19CD9CC81B}.Debug|Any CPU.Build.0 = Debug|Any CPU
		{7700A0A2-B149-42C0-91D4-AD19CD9CC81B}.Release|Any CPU.ActiveCfg = Release|Any CPU
		{7700A0A2-B149-42C0-91D4-AD19CD9CC81B}.Release|Any CPU.Build.0 = Release|Any CPU
		{0A9EE3B4-4C3D-4C5D-AAED-0B7633A5AFE2}.Debug|Any CPU.ActiveCfg = Debug|Any CPU
		{0A9EE3B4-4C3D-4C5D-AAED-0B7633A5AFE2}.Debug|Any CPU.Build.0 = Debug|Any CPU
		{0A9EE3B4-4C3D-4C5D-AAED-0B7633A5AFE2}.Release|Any CPU.ActiveCfg = Release|Any CPU
		{0A9EE3B4-4C3D-4C5D-AAED-0B7633A5AFE2}.Release|Any CPU.Build.0 = Release|Any CPU
		{25474606-3A78-4309-8651-9694FF1C8B68}.Debug|Any CPU.ActiveCfg = Debug|Any CPU
		{25474606-3A78-4309-8651-9694FF1C8B68}.Debug|Any CPU.Build.0 = Debug|Any CPU
		{25474606-3A78-4309-8651-9694FF1C8B68}.Release|Any CPU.ActiveCfg = Release|Any CPU
		{25474606-3A78-4309-8651-9694FF1C8B68}.Release|Any CPU.Build.0 = Release|Any CPU
		{9AE2E267-84CE-4999-A63F-25870562DF9F}.Debug|Any CPU.ActiveCfg = Debug|Any CPU
		{9AE2E267-84CE-4999-A63F-25870562DF9F}.Debug|Any CPU.Build.0 = Debug|Any CPU
		{9AE2E267-84CE-4999-A63F-25870562DF9F}.Release|Any CPU.ActiveCfg = Release|Any CPU
		{9AE2E267-84CE-4999-A63F-25870562DF9F}.Release|Any CPU.Build.0 = Release|Any CPU
		{3285F2B7-EAA6-45A9-9919-561649FFD006}.Debug|Any CPU.ActiveCfg = Debug|Any CPU
		{3285F2B7-EAA6-45A9-9919-561649FFD006}.Debug|Any CPU.Build.0 = Debug|Any CPU
		{3285F2B7-EAA6-45A9-9919-561649FFD006}.Release|Any CPU.ActiveCfg = Release|Any CPU
		{3285F2B7-EAA6-45A9-9919-561649FFD006}.Release|Any CPU.Build.0 = Release|Any CPU
		{0178CC30-9FA4-4D52-80D6-99B3117BCB7A}.Debug|Any CPU.ActiveCfg = Debug|Any CPU
		{0178CC30-9FA4-4D52-80D6-99B3117BCB7A}.Debug|Any CPU.Build.0 = Debug|Any CPU
		{0178CC30-9FA4-4D52-80D6-99B3117BCB7A}.Release|Any CPU.ActiveCfg = Release|Any CPU
		{0178CC30-9FA4-4D52-80D6-99B3117BCB7A}.Release|Any CPU.Build.0 = Release|Any CPU
		{552D4EFF-48A4-4B45-9F15-167CC0ACC8CF}.Debug|Any CPU.ActiveCfg = Debug|Any CPU
		{552D4EFF-48A4-4B45-9F15-167CC0ACC8CF}.Debug|Any CPU.Build.0 = Debug|Any CPU
		{552D4EFF-48A4-4B45-9F15-167CC0ACC8CF}.Release|Any CPU.ActiveCfg = Release|Any CPU
		{552D4EFF-48A4-4B45-9F15-167CC0ACC8CF}.Release|Any CPU.Build.0 = Release|Any CPU
	EndGlobalSection
	GlobalSection(SolutionProperties) = preSolution
		HideSolutionNode = FALSE
	EndGlobalSection
EndGlobal
